
Microsoft Visual Studio Solution File, Format Version 12.00
# Visual Studio 14
VisualStudioVersion = 14.0.25420.1
MinimumVisualStudioVersion = 10.0.40219.1
Project("{FAE04EC0-301F-11D3-BF4B-00C04F79EFBC}") = "CarApp", "CarApp\CarApp.csproj", "{027074E5-023D-4FFE-8BC8-78CB2154F02C}"
EndProject
Project("{FAE04EC0-301F-11D3-BF4B-00C04F79EFBC}") = "Markkalaskuri", "Markkalaskuri\Markkalaskuri.csproj", "{AD1FA2BE-B729-4C4E-9E20-A95C94FE95E9}"
EndProject
Project("{FAE04EC0-301F-11D3-BF4B-00C04F79EFBC}") = "ikkunaLaskuri", "ikkunaLaskuri\ikkunaLaskuri.csproj", "{28E5D30C-A8D1-4178-85D8-D6572A9F5500}"
EndProject
Global
	GlobalSection(SolutionConfigurationPlatforms) = preSolution
		Debug|ARM = Debug|ARM
		Debug|x64 = Debug|x64
		Debug|x86 = Debug|x86
		Release|ARM = Release|ARM
		Release|x64 = Release|x64
		Release|x86 = Release|x86
	EndGlobalSection
	GlobalSection(ProjectConfigurationPlatforms) = postSolution
		{027074E5-023D-4FFE-8BC8-78CB2154F02C}.Debug|ARM.ActiveCfg = Debug|ARM
		{027074E5-023D-4FFE-8BC8-78CB2154F02C}.Debug|ARM.Build.0 = Debug|ARM
		{027074E5-023D-4FFE-8BC8-78CB2154F02C}.Debug|ARM.Deploy.0 = Debug|ARM
		{027074E5-023D-4FFE-8BC8-78CB2154F02C}.Debug|x64.ActiveCfg = Debug|x64
		{027074E5-023D-4FFE-8BC8-78CB2154F02C}.Debug|x64.Build.0 = Debug|x64
		{027074E5-023D-4FFE-8BC8-78CB2154F02C}.Debug|x64.Deploy.0 = Debug|x64
		{027074E5-023D-4FFE-8BC8-78CB2154F02C}.Debug|x86.ActiveCfg = Debug|x86
		{027074E5-023D-4FFE-8BC8-78CB2154F02C}.Debug|x86.Build.0 = Debug|x86
		{027074E5-023D-4FFE-8BC8-78CB2154F02C}.Debug|x86.Deploy.0 = Debug|x86
		{027074E5-023D-4FFE-8BC8-78CB2154F02C}.Release|ARM.ActiveCfg = Release|ARM
		{027074E5-023D-4FFE-8BC8-78CB2154F02C}.Release|ARM.Build.0 = Release|ARM
		{027074E5-023D-4FFE-8BC8-78CB2154F02C}.Release|ARM.Deploy.0 = Release|ARM
		{027074E5-023D-4FFE-8BC8-78CB2154F02C}.Release|x64.ActiveCfg = Release|x64
		{027074E5-023D-4FFE-8BC8-78CB2154F02C}.Release|x64.Build.0 = Release|x64
		{027074E5-023D-4FFE-8BC8-78CB2154F02C}.Release|x64.Deploy.0 = Release|x64
		{027074E5-023D-4FFE-8BC8-78CB2154F02C}.Release|x86.ActiveCfg = Release|x86
		{027074E5-023D-4FFE-8BC8-78CB2154F02C}.Release|x86.Build.0 = Release|x86
		{027074E5-023D-4FFE-8BC8-78CB2154F02C}.Release|x86.Deploy.0 = Release|x86
		{AD1FA2BE-B729-4C4E-9E20-A95C94FE95E9}.Debug|ARM.ActiveCfg = Debug|ARM
		{AD1FA2BE-B729-4C4E-9E20-A95C94FE95E9}.Debug|ARM.Build.0 = Debug|ARM
		{AD1FA2BE-B729-4C4E-9E20-A95C94FE95E9}.Debug|ARM.Deploy.0 = Debug|ARM
		{AD1FA2BE-B729-4C4E-9E20-A95C94FE95E9}.Debug|x64.ActiveCfg = Debug|x64
		{AD1FA2BE-B729-4C4E-9E20-A95C94FE95E9}.Debug|x64.Build.0 = Debug|x64
		{AD1FA2BE-B729-4C4E-9E20-A95C94FE95E9}.Debug|x64.Deploy.0 = Debug|x64
		{AD1FA2BE-B729-4C4E-9E20-A95C94FE95E9}.Debug|x86.ActiveCfg = Debug|x86
		{AD1FA2BE-B729-4C4E-9E20-A95C94FE95E9}.Debug|x86.Build.0 = Debug|x86
		{AD1FA2BE-B729-4C4E-9E20-A95C94FE95E9}.Debug|x86.Deploy.0 = Debug|x86
		{AD1FA2BE-B729-4C4E-9E20-A95C94FE95E9}.Release|ARM.ActiveCfg = Release|ARM
		{AD1FA2BE-B729-4C4E-9E20-A95C94FE95E9}.Release|ARM.Build.0 = Release|ARM
		{AD1FA2BE-B729-4C4E-9E20-A95C94FE95E9}.Release|ARM.Deploy.0 = Release|ARM
		{AD1FA2BE-B729-4C4E-9E20-A95C94FE95E9}.Release|x64.ActiveCfg = Release|x64
		{AD1FA2BE-B729-4C4E-9E20-A95C94FE95E9}.Release|x64.Build.0 = Release|x64
		{AD1FA2BE-B729-4C4E-9E20-A95C94FE95E9}.Release|x64.Deploy.0 = Release|x64
		{AD1FA2BE-B729-4C4E-9E20-A95C94FE95E9}.Release|x86.ActiveCfg = Release|x86
		{AD1FA2BE-B729-4C4E-9E20-A95C94FE95E9}.Release|x86.Build.0 = Release|x86
		{AD1FA2BE-B729-4C4E-9E20-A95C94FE95E9}.Release|x86.Deploy.0 = Release|x86
		{28E5D30C-A8D1-4178-85D8-D6572A9F5500}.Debug|ARM.ActiveCfg = Debug|ARM
		{28E5D30C-A8D1-4178-85D8-D6572A9F5500}.Debug|ARM.Build.0 = Debug|ARM
		{28E5D30C-A8D1-4178-85D8-D6572A9F5500}.Debug|ARM.Deploy.0 = Debug|ARM
		{28E5D30C-A8D1-4178-85D8-D6572A9F5500}.Debug|x64.ActiveCfg = Debug|x64
		{28E5D30C-A8D1-4178-85D8-D6572A9F5500}.Debug|x64.Build.0 = Debug|x64
		{28E5D30C-A8D1-4178-85D8-D6572A9F5500}.Debug|x64.Deploy.0 = Debug|x64
		{28E5D30C-A8D1-4178-85D8-D6572A9F5500}.Debug|x86.ActiveCfg = Debug|x86
		{28E5D30C-A8D1-4178-85D8-D6572A9F5500}.Debug|x86.Build.0 = Debug|x86
		{28E5D30C-A8D1-4178-85D8-D6572A9F5500}.Debug|x86.Deploy.0 = Debug|x86
		{28E5D30C-A8D1-4178-85D8-D6572A9F5500}.Release|ARM.ActiveCfg = Release|ARM
		{28E5D30C-A8D1-4178-85D8-D6572A9F5500}.Release|ARM.Build.0 = Release|ARM
		{28E5D30C-A8D1-4178-85D8-D6572A9F5500}.Release|ARM.Deploy.0 = Release|ARM
		{28E5D30C-A8D1-4178-85D8-D6572A9F5500}.Release|x64.ActiveCfg = Release|x64
		{28E5D30C-A8D1-4178-85D8-D6572A9F5500}.Release|x64.Build.0 = Release|x64
		{28E5D30C-A8D1-4178-85D8-D6572A9F5500}.Release|x64.Deploy.0 = Release|x64
		{28E5D30C-A8D1-4178-85D8-D6572A9F5500}.Release|x86.ActiveCfg = Release|x86
		{28E5D30C-A8D1-4178-85D8-D6572A9F5500}.Release|x86.Build.0 = Release|x86
		{28E5D30C-A8D1-4178-85D8-D6572A9F5500}.Release|x86.Deploy.0 = Release|x86
	EndGlobalSection
	GlobalSection(SolutionProperties) = preSolution
		HideSolutionNode = FALSE
	EndGlobalSection
EndGlobal
